<?xml version="1.0" encoding="UTF-8"?>
<Scheme
   version = "1.3">
   <BuildAction>
      <BuildActionEntries>
         <BuildActionEntry
            buildForRunning = "YES">
            <BuildableReference
               BuildableIdentifier = "primary"
               BlueprintIdentifier = "9590669C2177934C008C9DA8"
               BuildableName = "MyFirstGame.app"
               BlueprintName = "MyFirstGame"
               ReferencedContainer = "container:MyFirstGame.xcodeproj">
            </BuildableReference>
         </BuildActionEntry>
      </BuildActionEntries>
   </BuildAction>
   <LaunchAction
      useCustomWorkingDirectory = "NO"
      buildConfiguration = "Debug">
      <BuildableProductRunnable>
         <BuildableReference
            BuildableIdentifier = "primary"
            BlueprintIdentifier = "9590669C2177934C008C9DA8"
            BuildableName = "MyFirstGame.app"
            BlueprintName = "MyFirstGame"
            ReferencedContainer = "container:MyFirstGame.xcodeproj">
         </BuildableReference>
      </BuildableProductRunnable>
   </LaunchAction>
</Scheme>
